PODS:
  - Alamofire (5.2.2)
  - OHHTTPStubs (9.0.0):
    - OHHTTPStubs/Default (= 9.0.0)
  - OHHTTPStubs/Core (9.0.0)
  - OHHTTPStubs/Default (9.0.0):
    - OHHTTPStubs/Core
    - OHHTTPStubs/JSON
    - OHHTTPStubs/NSURLSession
    - OHHTTPStubs/OHPathHelpers
  - OHHTTPStubs/JSON (9.0.0):
    - OHHTTPStubs/Core
  - OHHTTPStubs/NSURLSession (9.0.0):
    - OHHTTPStubs/Core
  - OHHTTPStubs/OHPathHelpers (9.0.0)
  - SDOSAlamofire (1.0.0):
    - Alamofire (>= 5.1.0)
    - SDOSAlamofire/Core (= 1.0.0)
    - SDOSKeyedCodable (>= 1.1)
    - SDOSSwiftExtension
  - SDOSAlamofire/Core (1.0.0):
    - Alamofire (>= 5.1.0)
    - SDOSKeyedCodable (>= 1.1)
    - SDOSSwiftExtension
  - SDOSKeyedCodable (1.1.1):
    - SDOSKeyedCodable/KeyedCodable (= 1.1.1)
  - SDOSKeyedCodable/KeyedCodable (1.1.1)
  - SDOSSwiftExtension (1.0.2):
    - SDOSSwiftExtension/SwiftExtension (= 1.0.2)
  - SDOSSwiftExtension/SwiftExtension (1.0.2)

DEPENDENCIES:
  - OHHTTPStubs (= 9.0.0)
  - SDOSAlamofire (from `../../`)
  - SDOSKeyedCodable

SPEC REPOS:
  https://github.com/CocoaPods/Specs.git:
    - Alamofire
    - OHHTTPStubs
  https://github.com/SDOSLabs/cocoapods-specs.git:
    - SDOSKeyedCodable
    - SDOSSwiftExtension

EXTERNAL SOURCES:
  SDOSAlamofire:
    :path: "../../"

SPEC CHECKSUMS:
  Alamofire: 814429acc853c6c54ff123fc3d2ef66803823ce0
  OHHTTPStubs: cb29d2a9d09a828ecb93349a2b0c64f99e0db89f
  SDOSAlamofire: 7e919212262c4e497f83613739e23761dd4ef192
  SDOSKeyedCodable: c5ee2d84c5d0119f2a9a7060c2fd3b0eb4ab03c7
  SDOSSwiftExtension: 6f9bd03dd6c1a6a70b5f60cd7cc470790aee3625

PODFILE CHECKSUM: 48a50dae743cee7b8593722d7c69a41409d154e7

COCOAPODS: 1.9.3
