// !$*UTF8*$!
{
	archiveVersion = 1;
	classes = {
	};
	objectVersion = 46;
	objects = {

/* Begin PBXBuildFile section */
		5C0FB1692223D81D00F4D291 /* Shared.xcconfig in Resources */ = {isa = PBXBuildFile; fileRef = 5C0FB1672223D81D00F4D291 /* Shared.xcconfig */; };
		5C4BBDAC220C22C200337368 /* UserDTO.swift in Sources */ = {isa = PBXBuildFile; fileRef = 5C4BBDAB220C22C200337368 /* UserDTO.swift */; };
		5C4BBDB1220C23A700337368 /* MalformedJSON.txt in Resources */ = {isa = PBXBuildFile; fileRef = 5C4BBDAF220C23A700337368 /* MalformedJSON.txt */; };
		5C4BBDB2220C23A700337368 /* Example0.txt in Resources */ = {isa = PBXBuildFile; fileRef = 5C4BBDB0220C23A700337368 /* Example0.txt */; };
		5C4BBDB5220C256600337368 /* Mock.swift in Sources */ = {isa = PBXBuildFile; fileRef = 5C4BBDB4220C256600337368 /* Mock.swift */; };
		5C4BBDBB220C274600337368 /* Constants.swift in Sources */ = {isa = PBXBuildFile; fileRef = 5C4BBDBA220C274600337368 /* Constants.swift */; };
		5C5F53AE2229223B00DD51B9 /* LoggingViewManager.m in Sources */ = {isa = PBXBuildFile; fileRef = 5C5F53AA2229223B00DD51B9 /* LoggingViewManager.m */; };
		5C5F53AF2229223B00DD51B9 /* MALoggingViewController.m in Sources */ = {isa = PBXBuildFile; fileRef = 5C5F53AD2229223B00DD51B9 /* MALoggingViewController.m */; };
		5C6228B3222D188E00032572 /* JSON.swift in Sources */ = {isa = PBXBuildFile; fileRef = 5C6228B2222D188E00032572 /* JSON.swift */; };
		5CCCB7CF2225975200F5DBD5 /* ErrorDTO.swift in Sources */ = {isa = PBXBuildFile; fileRef = 5CCCB7CE2225975200F5DBD5 /* ErrorDTO.swift */; };
		5CCCB7D12225A31600F5DBD5 /* InitialViewController.swift in Sources */ = {isa = PBXBuildFile; fileRef = 5CCCB7D02225A31500F5DBD5 /* InitialViewController.swift */; };
		5CCCB7D62225A4F800F5DBD5 /* Localizable.strings in Resources */ = {isa = PBXBuildFile; fileRef = 5CCCB7D82225A4F800F5DBD5 /* Localizable.strings */; };
		5CCCB7DA2226704100F5DBD5 /* InfoViewController.swift in Sources */ = {isa = PBXBuildFile; fileRef = 5CCCB7D92226704100F5DBD5 /* InfoViewController.swift */; };
		5CCCB7DD2226752F00F5DBD5 /* ExampleModel.swift in Sources */ = {isa = PBXBuildFile; fileRef = 5CCCB7DC2226752F00F5DBD5 /* ExampleModel.swift */; };
		5CCCB7E0222687CE00F5DBD5 /* WS.swift in Sources */ = {isa = PBXBuildFile; fileRef = 5CCCB7DF222687CE00F5DBD5 /* WS.swift */; };
		5CCCB7E22226B2D400F5DBD5 /* InfoModel.swift in Sources */ = {isa = PBXBuildFile; fileRef = 5CCCB7E12226B2D400F5DBD5 /* InfoModel.swift */; };
		607FACD61AFB9204008FA782 /* AppDelegate.swift in Sources */ = {isa = PBXBuildFile; fileRef = 607FACD51AFB9204008FA782 /* AppDelegate.swift */; };
		607FACD81AFB9204008FA782 /* ExampleViewController.swift in Sources */ = {isa = PBXBuildFile; fileRef = 607FACD71AFB9204008FA782 /* ExampleViewController.swift */; };
		607FACDB1AFB9204008FA782 /* Main.storyboard in Resources */ = {isa = PBXBuildFile; fileRef = 607FACD91AFB9204008FA782 /* Main.storyboard */; };
		607FACDD1AFB9204008FA782 /* Images.xcassets in Resources */ = {isa = PBXBuildFile; fileRef = 607FACDC1AFB9204008FA782 /* Images.xcassets */; };
		607FACE01AFB9204008FA782 /* LaunchScreen.xib in Resources */ = {isa = PBXBuildFile; fileRef = 607FACDE1AFB9204008FA782 /* LaunchScreen.xib */; };
		710C18A7233BA2A700B7CBF9 /* JSONAPIDTO.swift in Sources */ = {isa = PBXBuildFile; fileRef = 710C18A6233BA2A700B7CBF9 /* JSONAPIDTO.swift */; };
		7127BE24233CBDD2003097EF /* JSONAPI.txt in Resources */ = {isa = PBXBuildFile; fileRef = 7127BE23233CBDD2003097EF /* JSONAPI.txt */; };
		C6DE5A81A1DFE67E12754051 /* Pods_SDOSAlamofireSample.framework in Frameworks */ = {isa = PBXBuildFile; fileRef = 6917474EE16C4B7CC0F00300 /* Pods_SDOSAlamofireSample.framework */; };
/* End PBXBuildFile section */

/* Begin PBXFileReference section */
		29515D4F22A918270025550B /* README.md */ = {isa = PBXFileReference; lastKnownFileType = net.daringfireball.markdown; name = README.md; path = ../../README.md; sourceTree = "<group>"; };
		29515D5022A918270025550B /* CHANGELOG.md */ = {isa = PBXFileReference; lastKnownFileType = net.daringfireball.markdown; name = CHANGELOG.md; path = ../../CHANGELOG.md; sourceTree = "<group>"; };
		3E905E76770C2341312372CF /* Pods-SDOSAlamofireSample.release.xcconfig */ = {isa = PBXFileReference; includeInIndex = 1; lastKnownFileType = text.xcconfig; name = "Pods-SDOSAlamofireSample.release.xcconfig"; path = "Pods/Target Support Files/Pods-SDOSAlamofireSample/Pods-SDOSAlamofireSample.release.xcconfig"; sourceTree = "<group>"; };
		5C0FB1662223D81D00F4D291 /* App.debug.xcconfig */ = {isa = PBXFileReference; fileEncoding = 4; lastKnownFileType = text.xcconfig; path = App.debug.xcconfig; sourceTree = "<group>"; };
		5C0FB1672223D81D00F4D291 /* Shared.xcconfig */ = {isa = PBXFileReference; fileEncoding = 4; lastKnownFileType = text.xcconfig; path = Shared.xcconfig; sourceTree = "<group>"; };
		5C0FB16A2223D84D00F4D291 /* AppIcon.xcassets */ = {isa = PBXFileReference; lastKnownFileType = folder.assetcatalog; path = AppIcon.xcassets; sourceTree = "<group>"; };
		5C4BBDAB220C22C200337368 /* UserDTO.swift */ = {isa = PBXFileReference; lastKnownFileType = sourcecode.swift; path = UserDTO.swift; sourceTree = "<group>"; };
		5C4BBDAF220C23A700337368 /* MalformedJSON.txt */ = {isa = PBXFileReference; fileEncoding = 4; lastKnownFileType = text; path = MalformedJSON.txt; sourceTree = "<group>"; };
		5C4BBDB0220C23A700337368 /* Example0.txt */ = {isa = PBXFileReference; fileEncoding = 4; lastKnownFileType = text; path = Example0.txt; sourceTree = "<group>"; };
		5C4BBDB4220C256600337368 /* Mock.swift */ = {isa = PBXFileReference; lastKnownFileType = sourcecode.swift; path = Mock.swift; sourceTree = "<group>"; };
		5C4BBDB6220C25D000337368 /* SDOSAlamofireSample-Bridging-Header.h */ = {isa = PBXFileReference; lastKnownFileType = sourcecode.c.h; path = "SDOSAlamofireSample-Bridging-Header.h"; sourceTree = "<group>"; };
		5C4BBDBA220C274600337368 /* Constants.swift */ = {isa = PBXFileReference; lastKnownFileType = sourcecode.swift; path = Constants.swift; sourceTree = "<group>"; };
		5C5F53AA2229223B00DD51B9 /* LoggingViewManager.m */ = {isa = PBXFileReference; fileEncoding = 4; lastKnownFileType = sourcecode.c.objc; path = LoggingViewManager.m; sourceTree = "<group>"; };
		5C5F53AB2229223B00DD51B9 /* MALoggingViewController.h */ = {isa = PBXFileReference; fileEncoding = 4; lastKnownFileType = sourcecode.c.h; path = MALoggingViewController.h; sourceTree = "<group>"; };
		5C5F53AC2229223B00DD51B9 /* LoggingViewManager.h */ = {isa = PBXFileReference; fileEncoding = 4; lastKnownFileType = sourcecode.c.h; path = LoggingViewManager.h; sourceTree = "<group>"; };
		5C5F53AD2229223B00DD51B9 /* MALoggingViewController.m */ = {isa = PBXFileReference; fileEncoding = 4; lastKnownFileType = sourcecode.c.objc; path = MALoggingViewController.m; sourceTree = "<group>"; };
		5C6228B2222D188E00032572 /* JSON.swift */ = {isa = PBXFileReference; lastKnownFileType = sourcecode.swift; path = JSON.swift; sourceTree = "<group>"; };
		5CCCB7CE2225975200F5DBD5 /* ErrorDTO.swift */ = {isa = PBXFileReference; lastKnownFileType = sourcecode.swift; path = ErrorDTO.swift; sourceTree = "<group>"; };
		5CCCB7D02225A31500F5DBD5 /* InitialViewController.swift */ = {isa = PBXFileReference; fileEncoding = 4; lastKnownFileType = sourcecode.swift; path = InitialViewController.swift; sourceTree = "<group>"; };
		5CCCB7D72225A4F800F5DBD5 /* en */ = {isa = PBXFileReference; lastKnownFileType = text.plist.strings; name = en; path = en.lproj/Localizable.strings; sourceTree = "<group>"; };
		5CCCB7D92226704100F5DBD5 /* InfoViewController.swift */ = {isa = PBXFileReference; lastKnownFileType = sourcecode.swift; path = InfoViewController.swift; sourceTree = "<group>"; };
		5CCCB7DC2226752F00F5DBD5 /* ExampleModel.swift */ = {isa = PBXFileReference; lastKnownFileType = sourcecode.swift; path = ExampleModel.swift; sourceTree = "<group>"; };
		5CCCB7DF222687CE00F5DBD5 /* WS.swift */ = {isa = PBXFileReference; lastKnownFileType = sourcecode.swift; path = WS.swift; sourceTree = "<group>"; };
		5CCCB7E12226B2D400F5DBD5 /* InfoModel.swift */ = {isa = PBXFileReference; lastKnownFileType = sourcecode.swift; path = InfoModel.swift; sourceTree = "<group>"; };
		607FACD01AFB9204008FA782 /* SDOSAlamofireSample.app */ = {isa = PBXFileReference; explicitFileType = wrapper.application; includeInIndex = 0; path = SDOSAlamofireSample.app; sourceTree = BUILT_PRODUCTS_DIR; };
		607FACD41AFB9204008FA782 /* Info.plist */ = {isa = PBXFileReference; lastKnownFileType = text.plist.xml; path = Info.plist; sourceTree = "<group>"; };
		607FACD51AFB9204008FA782 /* AppDelegate.swift */ = {isa = PBXFileReference; lastKnownFileType = sourcecode.swift; path = AppDelegate.swift; sourceTree = "<group>"; };
		607FACD71AFB9204008FA782 /* ExampleViewController.swift */ = {isa = PBXFileReference; lastKnownFileType = sourcecode.swift; path = ExampleViewController.swift; sourceTree = "<group>"; };
		607FACDA1AFB9204008FA782 /* Base */ = {isa = PBXFileReference; lastKnownFileType = file.storyboard; name = Base; path = Base.lproj/Main.storyboard; sourceTree = "<group>"; };
		607FACDC1AFB9204008FA782 /* Images.xcassets */ = {isa = PBXFileReference; lastKnownFileType = folder.assetcatalog; path = Images.xcassets; sourceTree = "<group>"; };
		607FACDF1AFB9204008FA782 /* Base */ = {isa = PBXFileReference; lastKnownFileType = file.xib; name = Base; path = Base.lproj/LaunchScreen.xib; sourceTree = "<group>"; };
		6917474EE16C4B7CC0F00300 /* Pods_SDOSAlamofireSample.framework */ = {isa = PBXFileReference; explicitFileType = wrapper.framework; includeInIndex = 0; path = Pods_SDOSAlamofireSample.framework; sourceTree = BUILT_PRODUCTS_DIR; };
		710C18A6233BA2A700B7CBF9 /* JSONAPIDTO.swift */ = {isa = PBXFileReference; lastKnownFileType = sourcecode.swift; path = JSONAPIDTO.swift; sourceTree = "<group>"; };
		7127BE23233CBDD2003097EF /* JSONAPI.txt */ = {isa = PBXFileReference; fileEncoding = 4; lastKnownFileType = text; path = JSONAPI.txt; sourceTree = "<group>"; };
		86C25FCD2133A9F9A082B31A /* Pods-SDOSAlamofireSample.debug.xcconfig */ = {isa = PBXFileReference; includeInIndex = 1; lastKnownFileType = text.xcconfig; name = "Pods-SDOSAlamofireSample.debug.xcconfig"; path = "Pods/Target Support Files/Pods-SDOSAlamofireSample/Pods-SDOSAlamofireSample.debug.xcconfig"; sourceTree = "<group>"; };
/* End PBXFileReference section */

/* Begin PBXFrameworksBuildPhase section */
		607FACCD1AFB9204008FA782 /* Frameworks */ = {
			isa = PBXFrameworksBuildPhase;
			buildActionMask = 2147483647;
			files = (
				C6DE5A81A1DFE67E12754051 /* Pods_SDOSAlamofireSample.framework in Frameworks */,
			);
			runOnlyForDeploymentPostprocessing = 0;
		};
/* End PBXFrameworksBuildPhase section */

/* Begin PBXGroup section */
		4FB35BD6DBF7DCFDAC5EA28A /* Pods */ = {
			isa = PBXGroup;
			children = (
				86C25FCD2133A9F9A082B31A /* Pods-SDOSAlamofireSample.debug.xcconfig */,
				3E905E76770C2341312372CF /* Pods-SDOSAlamofireSample.release.xcconfig */,
			);
			name = Pods;
			sourceTree = "<group>";
		};
		5C0B794A22117C1300969C30 /* DTO */ = {
			isa = PBXGroup;
			children = (
				5C4BBDAB220C22C200337368 /* UserDTO.swift */,
				5CCCB7CE2225975200F5DBD5 /* ErrorDTO.swift */,
				710C18A6233BA2A700B7CBF9 /* JSONAPIDTO.swift */,
			);
			path = DTO;
			sourceTree = "<group>";
		};
		5C0FB1612223D76000F4D291 /* Controllers */ = {
			isa = PBXGroup;
			children = (
				5C0FB1622223D77000F4D291 /* Controllers */,
				5C0FB1632223D77800F4D291 /* Storyboards */,
			);
			path = Controllers;
			sourceTree = "<group>";
		};
		5C0FB1622223D77000F4D291 /* Controllers */ = {
			isa = PBXGroup;
			children = (
				5CCCB7DB2226752300F5DBD5 /* Example */,
				5CCCB7D02225A31500F5DBD5 /* InitialViewController.swift */,
			);
			path = Controllers;
			sourceTree = "<group>";
		};
		5C0FB1632223D77800F4D291 /* Storyboards */ = {
			isa = PBXGroup;
			children = (
				607FACDE1AFB9204008FA782 /* LaunchScreen.xib */,
				607FACD91AFB9204008FA782 /* Main.storyboard */,
			);
			path = Storyboards;
			sourceTree = "<group>";
		};
		5C0FB1642223D7B800F4D291 /* JSON */ = {
			isa = PBXGroup;
			children = (
				7127BE23233CBDD2003097EF /* JSONAPI.txt */,
				5C4BBDAF220C23A700337368 /* MalformedJSON.txt */,
				5C4BBDB0220C23A700337368 /* Example0.txt */,
				5C6228B2222D188E00032572 /* JSON.swift */,
			);
			path = JSON;
			sourceTree = "<group>";
		};
		5C0FB1652223D81200F4D291 /* Profiles */ = {
			isa = PBXGroup;
			children = (
				5C0FB1662223D81D00F4D291 /* App.debug.xcconfig */,
				5C0FB1672223D81D00F4D291 /* Shared.xcconfig */,
			);
			path = Profiles;
			sourceTree = "<group>";
		};
		5C4BBDAD220C239200337368 /* Other */ = {
			isa = PBXGroup;
			children = (
				5C5F53A92229221500DD51B9 /* Libs */,
				5CCCB7D22225A37E00F5DBD5 /* Constants */,
				5CCCB7D32225A4CF00F5DBD5 /* Localization */,
				5C4BBDAE220C239A00337368 /* Resources */,
			);
			path = Other;
			sourceTree = "<group>";
		};
		5C4BBDAE220C239A00337368 /* Resources */ = {
			isa = PBXGroup;
			children = (
				607FACDC1AFB9204008FA782 /* Images.xcassets */,
				5C0FB16A2223D84D00F4D291 /* AppIcon.xcassets */,
				5C0FB1642223D7B800F4D291 /* JSON */,
			);
			path = Resources;
			sourceTree = "<group>";
		};
		5C4BBDB3220C251C00337368 /* Mock */ = {
			isa = PBXGroup;
			children = (
				5C4BBDB4220C256600337368 /* Mock.swift */,
			);
			path = Mock;
			sourceTree = "<group>";
		};
		5C5F53A92229221500DD51B9 /* Libs */ = {
			isa = PBXGroup;
			children = (
				5C5F53AC2229223B00DD51B9 /* LoggingViewManager.h */,
				5C5F53AA2229223B00DD51B9 /* LoggingViewManager.m */,
				5C5F53AB2229223B00DD51B9 /* MALoggingViewController.h */,
				5C5F53AD2229223B00DD51B9 /* MALoggingViewController.m */,
			);
			path = Libs;
			sourceTree = "<group>";
		};
		5CCCB7D22225A37E00F5DBD5 /* Constants */ = {
			isa = PBXGroup;
			children = (
				5C4BBDBA220C274600337368 /* Constants.swift */,
			);
			path = Constants;
			sourceTree = "<group>";
		};
		5CCCB7D32225A4CF00F5DBD5 /* Localization */ = {
			isa = PBXGroup;
			children = (
				5CCCB7D82225A4F800F5DBD5 /* Localizable.strings */,
			);
			path = Localization;
			sourceTree = "<group>";
		};
		5CCCB7DB2226752300F5DBD5 /* Example */ = {
			isa = PBXGroup;
			children = (
				607FACD71AFB9204008FA782 /* ExampleViewController.swift */,
				5CCCB7DC2226752F00F5DBD5 /* ExampleModel.swift */,
				5CCCB7D92226704100F5DBD5 /* InfoViewController.swift */,
				5CCCB7E12226B2D400F5DBD5 /* InfoModel.swift */,
			);
			path = Example;
			sourceTree = "<group>";
		};
		5CCCB7DE222687C000F5DBD5 /* WS */ = {
			isa = PBXGroup;
			children = (
				5CCCB7DF222687CE00F5DBD5 /* WS.swift */,
			);
			path = WS;
			sourceTree = "<group>";
		};
		607FACC71AFB9204008FA782 = {
			isa = PBXGroup;
			children = (
				29515D5022A918270025550B /* CHANGELOG.md */,
				29515D4F22A918270025550B /* README.md */,
				607FACD21AFB9204008FA782 /* App */,
				607FACD11AFB9204008FA782 /* Products */,
				4FB35BD6DBF7DCFDAC5EA28A /* Pods */,
				8412B7B234F553A3289AF173 /* Frameworks */,
			);
			sourceTree = "<group>";
		};
		607FACD11AFB9204008FA782 /* Products */ = {
			isa = PBXGroup;
			children = (
				607FACD01AFB9204008FA782 /* SDOSAlamofireSample.app */,
			);
			name = Products;
			sourceTree = "<group>";
		};
		607FACD21AFB9204008FA782 /* App */ = {
			isa = PBXGroup;
			children = (
				607FACD51AFB9204008FA782 /* AppDelegate.swift */,
				5C0B794A22117C1300969C30 /* DTO */,
				5C4BBDB3220C251C00337368 /* Mock */,
				5C4BBDAD220C239200337368 /* Other */,
				5C0FB1612223D76000F4D291 /* Controllers */,
				5CCCB7DE222687C000F5DBD5 /* WS */,
				607FACD31AFB9204008FA782 /* Configuration */,
				5C4BBDB6220C25D000337368 /* SDOSAlamofireSample-Bridging-Header.h */,
			);
			path = App;
			sourceTree = "<group>";
		};
		607FACD31AFB9204008FA782 /* Configuration */ = {
			isa = PBXGroup;
			children = (
				607FACD41AFB9204008FA782 /* Info.plist */,
				5C0FB1652223D81200F4D291 /* Profiles */,
			);
			path = Configuration;
			sourceTree = "<group>";
		};
		8412B7B234F553A3289AF173 /* Frameworks */ = {
			isa = PBXGroup;
			children = (
				6917474EE16C4B7CC0F00300 /* Pods_SDOSAlamofireSample.framework */,
			);
			name = Frameworks;
			sourceTree = "<group>";
		};
/* End PBXGroup section */

/* Begin PBXNativeTarget section */
		607FACCF1AFB9204008FA782 /* SDOSAlamofireSample */ = {
			isa = PBXNativeTarget;
			buildConfigurationList = 607FACEF1AFB9204008FA782 /* Build configuration list for PBXNativeTarget "SDOSAlamofireSample" */;
			buildPhases = (
				61787A5E5FC964CD98145BB8 /* [CP] Check Pods Manifest.lock */,
				5CC7B7252243E7420034969C /* XcodeVersion */,
				607FACCC1AFB9204008FA782 /* Sources */,
				607FACCD1AFB9204008FA782 /* Frameworks */,
				607FACCE1AFB9204008FA782 /* Resources */,
				B37CB0C78BA33FE47BE2D998 /* [CP] Embed Pods Frameworks */,
			);
			buildRules = (
			);
			dependencies = (
			);
			name = SDOSAlamofireSample;
			productName = SDOSAlamofire;
			productReference = 607FACD01AFB9204008FA782 /* SDOSAlamofireSample.app */;
			productType = "com.apple.product-type.application";
		};
/* End PBXNativeTarget section */

/* Begin PBXProject section */
		607FACC81AFB9204008FA782 /* Project object */ = {
			isa = PBXProject;
			attributes = {
				LastSwiftUpdateCheck = 0830;
				LastUpgradeCheck = 0830;
				ORGANIZATIONNAME = SDOS;
				TargetAttributes = {
					607FACCF1AFB9204008FA782 = {
						CreatedOnToolsVersion = 6.3.1;
						DevelopmentTeam = Y5G9RYLF8Y;
						LastSwiftMigration = 1010;
						ProvisioningStyle = Manual;
					};
				};
			};
			buildConfigurationList = 607FACCB1AFB9204008FA782 /* Build configuration list for PBXProject "SDOSAlamofireSample" */;
			compatibilityVersion = "Xcode 3.2";
			developmentRegion = English;
			hasScannedForEncodings = 0;
			knownRegions = (
				English,
				en,
				Base,
			);
			mainGroup = 607FACC71AFB9204008FA782;
			productRefGroup = 607FACD11AFB9204008FA782 /* Products */;
			projectDirPath = "";
			projectRoot = "";
			targets = (
				607FACCF1AFB9204008FA782 /* SDOSAlamofireSample */,
			);
		};
/* End PBXProject section */

/* Begin PBXResourcesBuildPhase section */
		607FACCE1AFB9204008FA782 /* Resources */ = {
			isa = PBXResourcesBuildPhase;
			buildActionMask = 2147483647;
			files = (
				607FACDB1AFB9204008FA782 /* Main.storyboard in Resources */,
				5C4BBDB2220C23A700337368 /* Example0.txt in Resources */,
				607FACE01AFB9204008FA782 /* LaunchScreen.xib in Resources */,
				5CCCB7D62225A4F800F5DBD5 /* Localizable.strings in Resources */,
				5C4BBDB1220C23A700337368 /* MalformedJSON.txt in Resources */,
				7127BE24233CBDD2003097EF /* JSONAPI.txt in Resources */,
				5C0FB1692223D81D00F4D291 /* Shared.xcconfig in Resources */,
				607FACDD1AFB9204008FA782 /* Images.xcassets in Resources */,
			);
			runOnlyForDeploymentPostprocessing = 0;
		};
/* End PBXResourcesBuildPhase section */

/* Begin PBXShellScriptBuildPhase section */
		5CC7B7252243E7420034969C /* XcodeVersion */ = {
			isa = PBXShellScriptBuildPhase;
			buildActionMask = 2147483647;
			files = (
			);
			inputFileListPaths = (
			);
			inputPaths = (
			);
			name = XcodeVersion;
			outputFileListPaths = (
			);
			outputPaths = (
			);
			runOnlyForDeploymentPostprocessing = 0;
			shellPath = /bin/sh;
			shellScript = "file=\"$SRCROOT/XcodeVersion.properties\"\n\n# create file if it does not exist\ntouch \"${file}\"\n\n# if file does not exist or it is not readable -> error\nif [ ! -r \"${file}\" ]\nthen\necho \"error: Could not create file: ${file} (see the Xcode Version script in Build Phases)\"\nerror -1\nfi\n# read the keys and values in the file\nwhile IFS='=' read -r key value\ndo\neval \"${key}='${value}'\"\ndone < \"${file}\"\n\n# if not defined the keys: XCODE_VERSION_MAJOR_REQUIRED, XCODE_VERSION_MINOR_REQUIRED, XCODE_VERSION_ACTUAL_REQUIRED\nif ([ -z ${XCODE_VERSION_MAJOR_REQUIRED:+\"1\"} ] || [ -z ${XCODE_VERSION_MINOR_REQUIRED:+\"1\"} ] || [ -z ${XCODE_VERSION_ACTUAL_REQUIRED:+\"1\"} ])\nthen\necho \"XCODE_VERSION_MAJOR_REQUIRED=${XCODE_VERSION_MAJOR}\" > \"${file}\"\necho \"XCODE_VERSION_MINOR_REQUIRED=${XCODE_VERSION_MINOR}\" >> \"${file}\"\necho \"XCODE_VERSION_ACTUAL_REQUIRED=${XCODE_VERSION_ACTUAL}\" >> \"${file}\"\n\necho \"warning: Required Xcode version set to ${XCODE_VERSION_ACTUAL} in this project. If you want to build this project with a different version of Xcode, please remove XcodeVersion.properties file\"\nelif [ ${XCODE_VERSION_MAJOR_REQUIRED} != ${XCODE_VERSION_MAJOR} ]\nthen\necho \"error: The required version of Xcode to run this project is ${XCODE_VERSION_MAJOR_REQUIRED} and the current version of Xcode is ${XCODE_VERSION_MAJOR}. If you want to build this project with a different version of Xcode, please remove XcodeVersion.properties file\"\nerror 0\nelif ([ ${XCODE_VERSION_MINOR_REQUIRED} != ${XCODE_VERSION_MINOR} ] || [ ${XCODE_VERSION_ACTUAL_REQUIRED} != ${XCODE_VERSION_ACTUAL} ])\nthen\necho \"warning: XCODE VERSION CONFLICT: The required version of Xcode to run this project is ${XCODE_VERSION_ACTUAL_REQUIRED} and the current version of Xcode is ${XCODE_VERSION_ACTUAL}. This might cause some problems at runtime.\"\nfi\n";
		};
		61787A5E5FC964CD98145BB8 /* [CP] Check Pods Manifest.lock */ = {
			isa = PBXShellScriptBuildPhase;
			buildActionMask = 2147483647;
			files = (
			);
			inputFileListPaths = (
			);
			inputPaths = (
				"${PODS_PODFILE_DIR_PATH}/Podfile.lock",
				"${PODS_ROOT}/Manifest.lock",
			);
			name = "[CP] Check Pods Manifest.lock";
			outputFileListPaths = (
			);
			outputPaths = (
				"$(DERIVED_FILE_DIR)/Pods-SDOSAlamofireSample-checkManifestLockResult.txt",
			);
			runOnlyForDeploymentPostprocessing = 0;
			shellPath = /bin/sh;
			shellScript = "diff \"${PODS_PODFILE_DIR_PATH}/Podfile.lock\" \"${PODS_ROOT}/Manifest.lock\" > /dev/null\nif [ $? != 0 ] ; then\n    # print error to STDERR\n    echo \"error: The sandbox is not in sync with the Podfile.lock. Run 'pod install' or update your CocoaPods installation.\" >&2\n    exit 1\nfi\n# This output is used by Xcode 'outputs' to avoid re-running this script phase.\necho \"SUCCESS\" > \"${SCRIPT_OUTPUT_FILE_0}\"\n";
			showEnvVarsInLog = 0;
		};
		B37CB0C78BA33FE47BE2D998 /* [CP] Embed Pods Frameworks */ = {
			isa = PBXShellScriptBuildPhase;
			buildActionMask = 2147483647;
			files = (
			);
			inputPaths = (
				"${PODS_ROOT}/Target Support Files/Pods-SDOSAlamofireSample/Pods-SDOSAlamofireSample-frameworks.sh",
				"${BUILT_PRODUCTS_DIR}/Alamofire/Alamofire.framework",
				"${BUILT_PRODUCTS_DIR}/Japx/Japx.framework",
				"${BUILT_PRODUCTS_DIR}/OHHTTPStubs/OHHTTPStubs.framework",
				"${BUILT_PRODUCTS_DIR}/SDOSAlamofire/SDOSAlamofire.framework",
				"${BUILT_PRODUCTS_DIR}/SDOSKeyedCodable/SDOSKeyedCodable.framework",
				"${BUILT_PRODUCTS_DIR}/SDOSSwiftExtension/SDOSSwiftExtension.framework",
			);
			name = "[CP] Embed Pods Frameworks";
			outputPaths = (
				"${TARGET_BUILD_DIR}/${FRAMEWORKS_FOLDER_PATH}/Alamofire.framework",
				"${TARGET_BUILD_DIR}/${FRAMEWORKS_FOLDER_PATH}/Japx.framework",
				"${TARGET_BUILD_DIR}/${FRAMEWORKS_FOLDER_PATH}/OHHTTPStubs.framework",
				"${TARGET_BUILD_DIR}/${FRAMEWORKS_FOLDER_PATH}/SDOSAlamofire.framework",
				"${TARGET_BUILD_DIR}/${FRAMEWORKS_FOLDER_PATH}/SDOSKeyedCodable.framework",
				"${TARGET_BUILD_DIR}/${FRAMEWORKS_FOLDER_PATH}/SDOSSwiftExtension.framework",
			);
			runOnlyForDeploymentPostprocessing = 0;
			shellPath = /bin/sh;
			shellScript = "\"${PODS_ROOT}/Target Support Files/Pods-SDOSAlamofireSample/Pods-SDOSAlamofireSample-frameworks.sh\"\n";
			showEnvVarsInLog = 0;
		};
/* End PBXShellScriptBuildPhase section */

/* Begin PBXSourcesBuildPhase section */
		607FACCC1AFB9204008FA782 /* Sources */ = {
			isa = PBXSourcesBuildPhase;
			buildActionMask = 2147483647;
			files = (
				5C4BBDBB220C274600337368 /* Constants.swift in Sources */,
				5C6228B3222D188E00032572 /* JSON.swift in Sources */,
				5CCCB7E22226B2D400F5DBD5 /* InfoModel.swift in Sources */,
				710C18A7233BA2A700B7CBF9 /* JSONAPIDTO.swift in Sources */,
				5CCCB7D12225A31600F5DBD5 /* InitialViewController.swift in Sources */,
				5CCCB7DD2226752F00F5DBD5 /* ExampleModel.swift in Sources */,
				5CCCB7E0222687CE00F5DBD5 /* WS.swift in Sources */,
				5CCCB7CF2225975200F5DBD5 /* ErrorDTO.swift in Sources */,
				5C4BBDAC220C22C200337368 /* UserDTO.swift in Sources */,
				607FACD81AFB9204008FA782 /* ExampleViewController.swift in Sources */,
				5C5F53AE2229223B00DD51B9 /* LoggingViewManager.m in Sources */,
				607FACD61AFB9204008FA782 /* AppDelegate.swift in Sources */,
				5CCCB7DA2226704100F5DBD5 /* InfoViewController.swift in Sources */,
				5C4BBDB5220C256600337368 /* Mock.swift in Sources */,
				5C5F53AF2229223B00DD51B9 /* MALoggingViewController.m in Sources */,
			);
			runOnlyForDeploymentPostprocessing = 0;
		};
/* End PBXSourcesBuildPhase section */

/* Begin PBXVariantGroup section */
		5CCCB7D82225A4F800F5DBD5 /* Localizable.strings */ = {
			isa = PBXVariantGroup;
			children = (
				5CCCB7D72225A4F800F5DBD5 /* en */,
			);
			name = Localizable.strings;
			sourceTree = "<group>";
		};
		607FACD91AFB9204008FA782 /* Main.storyboard */ = {
			isa = PBXVariantGroup;
			children = (
				607FACDA1AFB9204008FA782 /* Base */,
			);
			name = Main.storyboard;
			sourceTree = "<group>";
		};
		607FACDE1AFB9204008FA782 /* LaunchScreen.xib */ = {
			isa = PBXVariantGroup;
			children = (
				607FACDF1AFB9204008FA782 /* Base */,
			);
			name = LaunchScreen.xib;
			sourceTree = "<group>";
		};
/* End PBXVariantGroup section */

/* Begin XCBuildConfiguration section */
		607FACED1AFB9204008FA782 /* Debug */ = {
			isa = XCBuildConfiguration;
			baseConfigurationReference = 5C0FB1662223D81D00F4D291 /* App.debug.xcconfig */;
			buildSettings = {
				ALWAYS_SEARCH_USER_PATHS = NO;
				CLANG_CXX_LANGUAGE_STANDARD = "gnu++0x";
				CLANG_CXX_LIBRARY = "libc++";
				CLANG_ENABLE_MODULES = YES;
				CLANG_ENABLE_OBJC_ARC = YES;
				CLANG_WARN_BLOCK_CAPTURE_AUTORELEASING = YES;
				CLANG_WARN_BOOL_CONVERSION = YES;
				CLANG_WARN_COMMA = YES;
				CLANG_WARN_CONSTANT_CONVERSION = YES;
				CLANG_WARN_DIRECT_OBJC_ISA_USAGE = YES_ERROR;
				CLANG_WARN_EMPTY_BODY = YES;
				CLANG_WARN_ENUM_CONVERSION = YES;
				CLANG_WARN_INFINITE_RECURSION = YES;
				CLANG_WARN_INT_CONVERSION = YES;
				CLANG_WARN_NON_LITERAL_NULL_CONVERSION = YES;
				CLANG_WARN_OBJC_LITERAL_CONVERSION = YES;
				CLANG_WARN_OBJC_ROOT_CLASS = YES_ERROR;
				CLANG_WARN_RANGE_LOOP_ANALYSIS = YES;
				CLANG_WARN_STRICT_PROTOTYPES = YES;
				CLANG_WARN_SUSPICIOUS_MOVE = YES;
				CLANG_WARN_UNREACHABLE_CODE = YES;
				CLANG_WARN__DUPLICATE_METHOD_MATCH = YES;
				"CODE_SIGN_IDENTITY[sdk=iphoneos*]" = "iPhone Developer";
				COPY_PHASE_STRIP = NO;
				DEBUG_INFORMATION_FORMAT = "dwarf-with-dsym";
				ENABLE_STRICT_OBJC_MSGSEND = YES;
				ENABLE_TESTABILITY = YES;
				GCC_C_LANGUAGE_STANDARD = gnu99;
				GCC_DYNAMIC_NO_PIC = NO;
				GCC_NO_COMMON_BLOCKS = YES;
				GCC_OPTIMIZATION_LEVEL = 0;
				GCC_PREPROCESSOR_DEFINITIONS = (
					"DEBUG=1",
					"$(inherited)",
				);
				GCC_SYMBOLS_PRIVATE_EXTERN = NO;
				GCC_WARN_64_TO_32_BIT_CONVERSION = YES;
				GCC_WARN_ABOUT_RETURN_TYPE = YES_ERROR;
				GCC_WARN_UNDECLARED_SELECTOR = YES;
				GCC_WARN_UNINITIALIZED_AUTOS = YES_AGGRESSIVE;
				GCC_WARN_UNUSED_FUNCTION = YES;
				GCC_WARN_UNUSED_VARIABLE = YES;
				IPHONEOS_DEPLOYMENT_TARGET = 10.0;
				MTL_ENABLE_DEBUG_INFO = YES;
				ONLY_ACTIVE_ARCH = YES;
				SDKROOT = iphoneos;
				SWIFT_OPTIMIZATION_LEVEL = "-Onone";
			};
			name = Debug;
		};
		607FACEE1AFB9204008FA782 /* Release */ = {
			isa = XCBuildConfiguration;
			baseConfigurationReference = 5C0FB1662223D81D00F4D291 /* App.debug.xcconfig */;
			buildSettings = {
				ALWAYS_SEARCH_USER_PATHS = NO;
				CLANG_CXX_LANGUAGE_STANDARD = "gnu++0x";
				CLANG_CXX_LIBRARY = "libc++";
				CLANG_ENABLE_MODULES = YES;
				CLANG_ENABLE_OBJC_ARC = YES;
				CLANG_WARN_BLOCK_CAPTURE_AUTORELEASING = YES;
				CLANG_WARN_BOOL_CONVERSION = YES;
				CLANG_WARN_COMMA = YES;
				CLANG_WARN_CONSTANT_CONVERSION = YES;
				CLANG_WARN_DIRECT_OBJC_ISA_USAGE = YES_ERROR;
				CLANG_WARN_EMPTY_BODY = YES;
				CLANG_WARN_ENUM_CONVERSION = YES;
				CLANG_WARN_INFINITE_RECURSION = YES;
				CLANG_WARN_INT_CONVERSION = YES;
				CLANG_WARN_NON_LITERAL_NULL_CONVERSION = YES;
				CLANG_WARN_OBJC_LITERAL_CONVERSION = YES;
				CLANG_WARN_OBJC_ROOT_CLASS = YES_ERROR;
				CLANG_WARN_RANGE_LOOP_ANALYSIS = YES;
				CLANG_WARN_STRICT_PROTOTYPES = YES;
				CLANG_WARN_SUSPICIOUS_MOVE = YES;
				CLANG_WARN_UNREACHABLE_CODE = YES;
				CLANG_WARN__DUPLICATE_METHOD_MATCH = YES;
				"CODE_SIGN_IDENTITY[sdk=iphoneos*]" = "iPhone Developer";
				COPY_PHASE_STRIP = NO;
				DEBUG_INFORMATION_FORMAT = "dwarf-with-dsym";
				ENABLE_NS_ASSERTIONS = NO;
				ENABLE_STRICT_OBJC_MSGSEND = YES;
				GCC_C_LANGUAGE_STANDARD = gnu99;
				GCC_NO_COMMON_BLOCKS = YES;
				GCC_WARN_64_TO_32_BIT_CONVERSION = YES;
				GCC_WARN_ABOUT_RETURN_TYPE = YES_ERROR;
				GCC_WARN_UNDECLARED_SELECTOR = YES;
				GCC_WARN_UNINITIALIZED_AUTOS = YES_AGGRESSIVE;
				GCC_WARN_UNUSED_FUNCTION = YES;
				GCC_WARN_UNUSED_VARIABLE = YES;
				IPHONEOS_DEPLOYMENT_TARGET = 10.0;
				MTL_ENABLE_DEBUG_INFO = NO;
				SDKROOT = iphoneos;
				SWIFT_OPTIMIZATION_LEVEL = "-Owholemodule";
				VALIDATE_PRODUCT = YES;
			};
			name = Release;
		};
		607FACF01AFB9204008FA782 /* Debug */ = {
			isa = XCBuildConfiguration;
			baseConfigurationReference = 86C25FCD2133A9F9A082B31A /* Pods-SDOSAlamofireSample.debug.xcconfig */;
			buildSettings = {
				ASSETCATALOG_COMPILER_APPICON_NAME = AppIcon;
				CLANG_ENABLE_MODULES = YES;
				CODE_SIGN_STYLE = Manual;
				DEVELOPMENT_TEAM = Y5G9RYLF8Y;
				INFOPLIST_FILE = "$(SRCROOT)/App/Configuration/Info.plist";
				LD_RUNPATH_SEARCH_PATHS = "$(inherited) @executable_path/Frameworks";
				MARKETING_VERSION = 1.0.0;
				MODULE_NAME = ExampleApp;
				PRODUCT_BUNDLE_IDENTIFIER = es.sdos.sdosalamofire.dev;
				PRODUCT_NAME = "$(TARGET_NAME)";
				PROVISIONING_PROFILE_SPECIFIER = "DEV Generic";
				SWIFT_OBJC_BRIDGING_HEADER = "App/SDOSAlamofireSample-Bridging-Header.h";
				SWIFT_OPTIMIZATION_LEVEL = "-Onone";
				SWIFT_SWIFT3_OBJC_INFERENCE = Default;
				SWIFT_VERSION = 5.0;
			};
			name = Debug;
		};
		607FACF11AFB9204008FA782 /* Release */ = {
			isa = XCBuildConfiguration;
			baseConfigurationReference = 3E905E76770C2341312372CF /* Pods-SDOSAlamofireSample.release.xcconfig */;
			buildSettings = {
				ASSETCATALOG_COMPILER_APPICON_NAME = AppIcon;
				CLANG_ENABLE_MODULES = YES;
				CODE_SIGN_STYLE = Manual;
				DEVELOPMENT_TEAM = "";
				INFOPLIST_FILE = "$(SRCROOT)/App/Configuration/Info.plist";
				LD_RUNPATH_SEARCH_PATHS = "$(inherited) @executable_path/Frameworks";
				MARKETING_VERSION = 1.0.0;
				MODULE_NAME = ExampleApp;
				PRODUCT_BUNDLE_IDENTIFIER = es.sdos.sdosalamofire.dev;
				PRODUCT_NAME = "$(TARGET_NAME)";
				PROVISIONING_PROFILE_SPECIFIER = "";
				SWIFT_OBJC_BRIDGING_HEADER = "App/SDOSAlamofireSample-Bridging-Header.h";
				SWIFT_SWIFT3_OBJC_INFERENCE = Default;
				SWIFT_VERSION = 5.0;
			};
			name = Release;
		};
/* End XCBuildConfiguration section */

/* Begin XCConfigurationList section */
		607FACCB1AFB9204008FA782 /* Build configuration list for PBXProject "SDOSAlamofireSample" */ = {
			isa = XCConfigurationList;
			buildConfigurations = (
				607FACED1AFB9204008FA782 /* Debug */,
				607FACEE1AFB9204008FA782 /* Release */,
			);
			defaultConfigurationIsVisible = 0;
			defaultConfigurationName = Release;
		};
		607FACEF1AFB9204008FA782 /* Build configuration list for PBXNativeTarget "SDOSAlamofireSample" */ = {
			isa = XCConfigurationList;
			buildConfigurations = (
				607FACF01AFB9204008FA782 /* Debug */,
				607FACF11AFB9204008FA782 /* Release */,
			);
			defaultConfigurationIsVisible = 0;
			defaultConfigurationName = Release;
		};
/* End XCConfigurationList section */
	};
	rootObject = 607FACC81AFB9204008FA782 /* Project object */;
}
